
Microsoft Visual Studio Solution File, Format Version 12.00
# Visual Studio 14
VisualStudioVersion = 14.0.25420.1
MinimumVisualStudioVersion = 10.0.40219.1
Project("{FAE04EC0-301F-11D3-BF4B-00C04F79EFBC}") = "OobjNoovSDK", "RestNoovClientAPi\OobjNoovSDK.csproj", "{E6FA050D-D30A-4B81-BB19-666CB79049D1}"
EndProject
Project("{FAE04EC0-301F-11D3-BF4B-00C04F79EFBC}") = "OobjNoovSDKTest", "RestNoovClientAPiTests\OobjNoovSDKTest.csproj", "{041818AC-4D6B-4FF1-A689-D4F45560E2CA}"
EndProject
Project("{FAE04EC0-301F-11D3-BF4B-00C04F79EFBC}") = "ConsoleApplication", "ConsoleApplication\ConsoleApplication.csproj", "{415D7C99-3579-4216-911F-118CBC3E144B}"
EndProject
Global
	GlobalSection(SolutionConfigurationPlatforms) = preSolution
		Debug|Any CPU = Debug|Any CPU
		Release|Any CPU = Release|Any CPU
	EndGlobalSection
	GlobalSection(ProjectConfigurationPlatforms) = postSolution
		{E6FA050D-D30A-4B81-BB19-666CB79049D1}.Debug|Any CPU.ActiveCfg = Debug|Any CPU
		{E6FA050D-D30A-4B81-BB19-666CB79049D1}.Debug|Any CPU.Build.0 = Debug|Any CPU
		{E6FA050D-D30A-4B81-BB19-666CB79049D1}.Release|Any CPU.ActiveCfg = Release|Any CPU
		{E6FA050D-D30A-4B81-BB19-666CB79049D1}.Release|Any CPU.Build.0 = Release|Any CPU
		{041818AC-4D6B-4FF1-A689-D4F45560E2CA}.Debug|Any CPU.ActiveCfg = Debug|Any CPU
		{041818AC-4D6B-4FF1-A689-D4F45560E2CA}.Debug|Any CPU.Build.0 = Debug|Any CPU
		{041818AC-4D6B-4FF1-A689-D4F45560E2CA}.Release|Any CPU.ActiveCfg = Release|Any CPU
		{041818AC-4D6B-4FF1-A689-D4F45560E2CA}.Release|Any CPU.Build.0 = Release|Any CPU
		{415D7C99-3579-4216-911F-118CBC3E144B}.Debug|Any CPU.ActiveCfg = Debug|Any CPU
		{415D7C99-3579-4216-911F-118CBC3E144B}.Debug|Any CPU.Build.0 = Debug|Any CPU
		{415D7C99-3579-4216-911F-118CBC3E144B}.Release|Any CPU.ActiveCfg = Release|Any CPU
		{415D7C99-3579-4216-911F-118CBC3E144B}.Release|Any CPU.Build.0 = Release|Any CPU
	EndGlobalSection
	GlobalSection(SolutionProperties) = preSolution
		HideSolutionNode = FALSE
	EndGlobalSection
EndGlobal
